// !$*UTF8*$!
{
	archiveVersion = 1;
	classes = {
	};
	objectVersion = 55;
	objects = {

/* Begin PBXBuildFile section */
		0333153A27F85EB300522DB3 /* Date+Expansion.swift in Sources */ = {isa = PBXBuildFile; fileRef = 0333153927F85EB300522DB3 /* Date+Expansion.swift */; };
		039A586627F1BEC400C59161 /* CloudKit.framework in Frameworks */ = {isa = PBXBuildFile; fileRef = 039A586527F1BEC400C59161 /* CloudKit.framework */; };
		039AB07E27F3070A00E3E561 /* Staff.swift in Sources */ = {isa = PBXBuildFile; fileRef = 039AB07C27F3070A00E3E561 /* Staff.swift */; };
		039BE71527F7359F00DE61AB /* CalenderCollectionViewCell.swift in Sources */ = {isa = PBXBuildFile; fileRef = 039BE71327F7359F00DE61AB /* CalenderCollectionViewCell.swift */; };
		039BE71627F7359F00DE61AB /* CalenderCollectionViewCell.xib in Resources */ = {isa = PBXBuildFile; fileRef = 039BE71427F7359F00DE61AB /* CalenderCollectionViewCell.xib */; };
		039BE71927F7364000DE61AB /* Constant.swift in Sources */ = {isa = PBXBuildFile; fileRef = 039BE71827F7364000DE61AB /* Constant.swift */; };
		039BE71D27F7453700DE61AB /* WeekCollectionViewCell.swift in Sources */ = {isa = PBXBuildFile; fileRef = 039BE71B27F7453700DE61AB /* WeekCollectionViewCell.swift */; };
		039BE71E27F7453700DE61AB /* WeekCollectionViewCell.xib in Resources */ = {isa = PBXBuildFile; fileRef = 039BE71C27F7453700DE61AB /* WeekCollectionViewCell.xib */; };
		03D7271227F5D8C6004C2F9E /* MainViewController.swift in Sources */ = {isa = PBXBuildFile; fileRef = 03D7271127F5D8C6004C2F9E /* MainViewController.swift */; };
		03F67EB127F19DBD0004C619 /* AppDelegate.swift in Sources */ = {isa = PBXBuildFile; fileRef = 03F67EB027F19DBD0004C619 /* AppDelegate.swift */; };
		03F67EB327F19DBD0004C619 /* SceneDelegate.swift in Sources */ = {isa = PBXBuildFile; fileRef = 03F67EB227F19DBD0004C619 /* SceneDelegate.swift */; };
		03F67EB827F19DBD0004C619 /* Main.storyboard in Resources */ = {isa = PBXBuildFile; fileRef = 03F67EB627F19DBD0004C619 /* Main.storyboard */; };
		03F67EBB27F19DBD0004C619 /* ShiftsManager.xcdatamodeld in Sources */ = {isa = PBXBuildFile; fileRef = 03F67EB927F19DBD0004C619 /* ShiftsManager.xcdatamodeld */; };
		03F67EBD27F19DBD0004C619 /* Assets.xcassets in Resources */ = {isa = PBXBuildFile; fileRef = 03F67EBC27F19DBD0004C619 /* Assets.xcassets */; };
		03F67EC027F19DBD0004C619 /* LaunchScreen.storyboard in Resources */ = {isa = PBXBuildFile; fileRef = 03F67EBE27F19DBD0004C619 /* LaunchScreen.storyboard */; };
		03F67ECF27F19FB40004C619 /* CoreDataManager.swift in Sources */ = {isa = PBXBuildFile; fileRef = 03F67ECE27F19FB40004C619 /* CoreDataManager.swift */; };
/* End PBXBuildFile section */

/* Begin PBXFileReference section */
		0333153927F85EB300522DB3 /* Date+Expansion.swift */ = {isa = PBXFileReference; lastKnownFileType = sourcecode.swift; path = "Date+Expansion.swift"; sourceTree = "<group>"; };
		039A586327F1BE4000C59161 /* ShiftsManager.entitlements */ = {isa = PBXFileReference; lastKnownFileType = text.plist.entitlements; path = ShiftsManager.entitlements; sourceTree = "<group>"; };
		039A586527F1BEC400C59161 /* CloudKit.framework */ = {isa = PBXFileReference; lastKnownFileType = wrapper.framework; name = CloudKit.framework; path = System/Library/Frameworks/CloudKit.framework; sourceTree = SDKROOT; };
		039AB07C27F3070A00E3E561 /* Staff.swift */ = {isa = PBXFileReference; lastKnownFileType = sourcecode.swift; path = Staff.swift; sourceTree = "<group>"; };
		039BE71327F7359F00DE61AB /* CalenderCollectionViewCell.swift */ = {isa = PBXFileReference; lastKnownFileType = sourcecode.swift; path = CalenderCollectionViewCell.swift; sourceTree = "<group>"; };
		039BE71427F7359F00DE61AB /* CalenderCollectionViewCell.xib */ = {isa = PBXFileReference; lastKnownFileType = file.xib; path = CalenderCollectionViewCell.xib; sourceTree = "<group>"; };
		039BE71827F7364000DE61AB /* Constant.swift */ = {isa = PBXFileReference; lastKnownFileType = sourcecode.swift; path = Constant.swift; sourceTree = "<group>"; };
		039BE71B27F7453700DE61AB /* WeekCollectionViewCell.swift */ = {isa = PBXFileReference; lastKnownFileType = sourcecode.swift; path = WeekCollectionViewCell.swift; sourceTree = "<group>"; };
		039BE71C27F7453700DE61AB /* WeekCollectionViewCell.xib */ = {isa = PBXFileReference; lastKnownFileType = file.xib; path = WeekCollectionViewCell.xib; sourceTree = "<group>"; };
		03D7271127F5D8C6004C2F9E /* MainViewController.swift */ = {isa = PBXFileReference; lastKnownFileType = sourcecode.swift; path = MainViewController.swift; sourceTree = "<group>"; };
		03F67EAD27F19DBD0004C619 /* ShiftsManager.app */ = {isa = PBXFileReference; explicitFileType = wrapper.application; includeInIndex = 0; path = ShiftsManager.app; sourceTree = BUILT_PRODUCTS_DIR; };
		03F67EB027F19DBD0004C619 /* AppDelegate.swift */ = {isa = PBXFileReference; lastKnownFileType = sourcecode.swift; path = AppDelegate.swift; sourceTree = "<group>"; };
		03F67EB227F19DBD0004C619 /* SceneDelegate.swift */ = {isa = PBXFileReference; lastKnownFileType = sourcecode.swift; path = SceneDelegate.swift; sourceTree = "<group>"; };
		03F67EB727F19DBD0004C619 /* Base */ = {isa = PBXFileReference; lastKnownFileType = file.storyboard; name = Base; path = Base.lproj/Main.storyboard; sourceTree = "<group>"; };
		03F67EBA27F19DBD0004C619 /* ShiftsManager.xcdatamodel */ = {isa = PBXFileReference; lastKnownFileType = wrapper.xcdatamodel; path = ShiftsManager.xcdatamodel; sourceTree = "<group>"; };
		03F67EBC27F19DBD0004C619 /* Assets.xcassets */ = {isa = PBXFileReference; lastKnownFileType = folder.assetcatalog; path = Assets.xcassets; sourceTree = "<group>"; };
		03F67EBF27F19DBD0004C619 /* Base */ = {isa = PBXFileReference; lastKnownFileType = file.storyboard; name = Base; path = Base.lproj/LaunchScreen.storyboard; sourceTree = "<group>"; };
		03F67EC127F19DBD0004C619 /* Info.plist */ = {isa = PBXFileReference; lastKnownFileType = text.plist.xml; path = Info.plist; sourceTree = "<group>"; };
		03F67ECE27F19FB40004C619 /* CoreDataManager.swift */ = {isa = PBXFileReference; lastKnownFileType = sourcecode.swift; path = CoreDataManager.swift; sourceTree = "<group>"; };
/* End PBXFileReference section */

/* Begin PBXFrameworksBuildPhase section */
		03F67EAA27F19DBD0004C619 /* Frameworks */ = {
			isa = PBXFrameworksBuildPhase;
			buildActionMask = 2147483647;
			files = (
				039A586627F1BEC400C59161 /* CloudKit.framework in Frameworks */,
			);
			runOnlyForDeploymentPostprocessing = 0;
		};
/* End PBXFrameworksBuildPhase section */

/* Begin PBXGroup section */
		039A586427F1BEC400C59161 /* Frameworks */ = {
			isa = PBXGroup;
			children = (
				039A586527F1BEC400C59161 /* CloudKit.framework */,
			);
			name = Frameworks;
			sourceTree = "<group>";
		};
		039BE71027F6FD4D00DE61AB /* Expansion */ = {
			isa = PBXGroup;
			children = (
			);
			path = Expansion;
			sourceTree = "<group>";
		};
		039BE71727F735A400DE61AB /* CalenderCell */ = {
			isa = PBXGroup;
			children = (
				039BE71327F7359F00DE61AB /* CalenderCollectionViewCell.swift */,
				039BE71427F7359F00DE61AB /* CalenderCollectionViewCell.xib */,
			);
			path = CalenderCell;
			sourceTree = "<group>";
		};
		039BE71A27F7451F00DE61AB /* WeekCell */ = {
			isa = PBXGroup;
			children = (
				039BE71B27F7453700DE61AB /* WeekCollectionViewCell.swift */,
				039BE71C27F7453700DE61AB /* WeekCollectionViewCell.xib */,
			);
			path = WeekCell;
			sourceTree = "<group>";
		};
		03F67EA427F19DBD0004C619 = {
			isa = PBXGroup;
			children = (
				03F67EAF27F19DBD0004C619 /* ShiftsManager */,
				03F67EAE27F19DBD0004C619 /* Products */,
				039A586427F1BEC400C59161 /* Frameworks */,
			);
			sourceTree = "<group>";
		};
		03F67EAE27F19DBD0004C619 /* Products */ = {
			isa = PBXGroup;
			children = (
				03F67EAD27F19DBD0004C619 /* ShiftsManager.app */,
			);
			name = Products;
			sourceTree = "<group>";
		};
		03F67EAF27F19DBD0004C619 /* ShiftsManager */ = {
			isa = PBXGroup;
			children = (
				039A586327F1BE4000C59161 /* ShiftsManager.entitlements */,
				03F67EB027F19DBD0004C619 /* AppDelegate.swift */,
				03F67EB227F19DBD0004C619 /* SceneDelegate.swift */,
				039BE71827F7364000DE61AB /* Constant.swift */,
				03F67EC927F19E5C0004C619 /* Controller */,
				03F67EC827F19E560004C619 /* View */,
				03F67EC727F19E4D0004C619 /* Model */,
				03F67EB627F19DBD0004C619 /* Main.storyboard */,
				03F67EBC27F19DBD0004C619 /* Assets.xcassets */,
				03F67EBE27F19DBD0004C619 /* LaunchScreen.storyboard */,
				03F67EC127F19DBD0004C619 /* Info.plist */,
				03F67EB927F19DBD0004C619 /* ShiftsManager.xcdatamodeld */,
			);
			path = ShiftsManager;
			sourceTree = "<group>";
		};
		03F67EC727F19E4D0004C619 /* Model */ = {
			isa = PBXGroup;
			children = (
				03F67ECD27F19EFB0004C619 /* Expansion */,
				03F67ECC27F19EE90004C619 /* Helper */,
				03F67ECB27F19EC30004C619 /* Interactor */,
				03F67ECA27F19EB90004C619 /* Data */,
			);
			path = Model;
			sourceTree = "<group>";
		};
		03F67EC827F19E560004C619 /* View */ = {
			isa = PBXGroup;
			children = (
				039BE71A27F7451F00DE61AB /* WeekCell */,
				039BE71727F735A400DE61AB /* CalenderCell */,
				039BE71027F6FD4D00DE61AB /* Expansion */,
			);
			path = View;
			sourceTree = "<group>";
		};
		03F67EC927F19E5C0004C619 /* Controller */ = {
			isa = PBXGroup;
			children = (
				03D7271127F5D8C6004C2F9E /* MainViewController.swift */,
			);
			path = Controller;
			sourceTree = "<group>";
		};
		03F67ECA27F19EB90004C619 /* Data */ = {
			isa = PBXGroup;
			children = (
				039AB07C27F3070A00E3E561 /* Staff.swift */,
			);
			path = Data;
			sourceTree = "<group>";
		};
		03F67ECB27F19EC30004C619 /* Interactor */ = {
			isa = PBXGroup;
			children = (
				03F67ECE27F19FB40004C619 /* CoreDataManager.swift */,
			);
			path = Interactor;
			sourceTree = "<group>";
		};
		03F67ECC27F19EE90004C619 /* Helper */ = {
			isa = PBXGroup;
			children = (
			);
			path = Helper;
			sourceTree = "<group>";
		};
		03F67ECD27F19EFB0004C619 /* Expansion */ = {
			isa = PBXGroup;
			children = (
				0333153927F85EB300522DB3 /* Date+Expansion.swift */,
			);
			path = Expansion;
			sourceTree = "<group>";
		};
/* End PBXGroup section */

/* Begin PBXNativeTarget section */
		03F67EAC27F19DBD0004C619 /* ShiftsManager */ = {
			isa = PBXNativeTarget;
			buildConfigurationList = 03F67EC427F19DBD0004C619 /* Build configuration list for PBXNativeTarget "ShiftsManager" */;
			buildPhases = (
				03F67EA927F19DBD0004C619 /* Sources */,
				03F67EAA27F19DBD0004C619 /* Frameworks */,
				03F67EAB27F19DBD0004C619 /* Resources */,
			);
			buildRules = (
			);
			dependencies = (
			);
			name = ShiftsManager;
			productName = ShiftsManager;
			productReference = 03F67EAD27F19DBD0004C619 /* ShiftsManager.app */;
			productType = "com.apple.product-type.application";
		};
/* End PBXNativeTarget section */

/* Begin PBXProject section */
		03F67EA527F19DBD0004C619 /* Project object */ = {
			isa = PBXProject;
			attributes = {
				BuildIndependentTargetsInParallel = 1;
				LastSwiftUpdateCheck = 1330;
				LastUpgradeCheck = 1330;
				TargetAttributes = {
					03F67EAC27F19DBD0004C619 = {
						CreatedOnToolsVersion = 13.3;
					};
				};
			};
			buildConfigurationList = 03F67EA827F19DBD0004C619 /* Build configuration list for PBXProject "ShiftsManager" */;
			compatibilityVersion = "Xcode 13.0";
			developmentRegion = en;
			hasScannedForEncodings = 0;
			knownRegions = (
				en,
				Base,
			);
			mainGroup = 03F67EA427F19DBD0004C619;
			productRefGroup = 03F67EAE27F19DBD0004C619 /* Products */;
			projectDirPath = "";
			projectRoot = "";
			targets = (
				03F67EAC27F19DBD0004C619 /* ShiftsManager */,
			);
		};
/* End PBXProject section */

/* Begin PBXResourcesBuildPhase section */
		03F67EAB27F19DBD0004C619 /* Resources */ = {
			isa = PBXResourcesBuildPhase;
			buildActionMask = 2147483647;
			files = (
				039BE71627F7359F00DE61AB /* CalenderCollectionViewCell.xib in Resources */,
				03F67EC027F19DBD0004C619 /* LaunchScreen.storyboard in Resources */,
				03F67EBD27F19DBD0004C619 /* Assets.xcassets in Resources */,
				039BE71E27F7453700DE61AB /* WeekCollectionViewCell.xib in Resources */,
				03F67EB827F19DBD0004C619 /* Main.storyboard in Resources */,
			);
			runOnlyForDeploymentPostprocessing = 0;
		};
/* End PBXResourcesBuildPhase section */

/* Begin PBXSourcesBuildPhase section */
		03F67EA927F19DBD0004C619 /* Sources */ = {
			isa = PBXSourcesBuildPhase;
			buildActionMask = 2147483647;
			files = (
				039BE71527F7359F00DE61AB /* CalenderCollectionViewCell.swift in Sources */,
				0333153A27F85EB300522DB3 /* Date+Expansion.swift in Sources */,
				039BE71927F7364000DE61AB /* Constant.swift in Sources */,
				03F67EB127F19DBD0004C619 /* AppDelegate.swift in Sources */,
				03F67EBB27F19DBD0004C619 /* ShiftsManager.xcdatamodeld in Sources */,
				03F67ECF27F19FB40004C619 /* CoreDataManager.swift in Sources */,
				039BE71D27F7453700DE61AB /* WeekCollectionViewCell.swift in Sources */,
				03D7271227F5D8C6004C2F9E /* MainViewController.swift in Sources */,
				039AB07E27F3070A00E3E561 /* Staff.swift in Sources */,
				03F67EB327F19DBD0004C619 /* SceneDelegate.swift in Sources */,
			);
			runOnlyForDeploymentPostprocessing = 0;
		};
/* End PBXSourcesBuildPhase section */

/* Begin PBXVariantGroup section */
		03F67EB627F19DBD0004C619 /* Main.storyboard */ = {
			isa = PBXVariantGroup;
			children = (
				03F67EB727F19DBD0004C619 /* Base */,
			);
			name = Main.storyboard;
			sourceTree = "<group>";
		};
		03F67EBE27F19DBD0004C619 /* LaunchScreen.storyboard */ = {
			isa = PBXVariantGroup;
			children = (
				03F67EBF27F19DBD0004C619 /* Base */,
			);
			name = LaunchScreen.storyboard;
			sourceTree = "<group>";
		};
/* End PBXVariantGroup section */

/* Begin XCBuildConfiguration section */
		03F67EC227F19DBD0004C619 /* Debug */ = {
			isa = XCBuildConfiguration;
			buildSettings = {
				ALWAYS_SEARCH_USER_PATHS = NO;
				CLANG_ANALYZER_NONNULL = YES;
				CLANG_ANALYZER_NUMBER_OBJECT_CONVERSION = YES_AGGRESSIVE;
				CLANG_CXX_LANGUAGE_STANDARD = "gnu++17";
				CLANG_ENABLE_MODULES = YES;
				CLANG_ENABLE_OBJC_ARC = YES;
				CLANG_ENABLE_OBJC_WEAK = YES;
				CLANG_WARN_BLOCK_CAPTURE_AUTORELEASING = YES;
				CLANG_WARN_BOOL_CONVERSION = YES;
				CLANG_WARN_COMMA = YES;
				CLANG_WARN_CONSTANT_CONVERSION = YES;
				CLANG_WARN_DEPRECATED_OBJC_IMPLEMENTATIONS = YES;
				CLANG_WARN_DIRECT_OBJC_ISA_USAGE = YES_ERROR;
				CLANG_WARN_DOCUMENTATION_COMMENTS = YES;
				CLANG_WARN_EMPTY_BODY = YES;
				CLANG_WARN_ENUM_CONVERSION = YES;
				CLANG_WARN_INFINITE_RECURSION = YES;
				CLANG_WARN_INT_CONVERSION = YES;
				CLANG_WARN_NON_LITERAL_NULL_CONVERSION = YES;
				CLANG_WARN_OBJC_IMPLICIT_RETAIN_SELF = YES;
				CLANG_WARN_OBJC_LITERAL_CONVERSION = YES;
				CLANG_WARN_OBJC_ROOT_CLASS = YES_ERROR;
				CLANG_WARN_QUOTED_INCLUDE_IN_FRAMEWORK_HEADER = YES;
				CLANG_WARN_RANGE_LOOP_ANALYSIS = YES;
				CLANG_WARN_STRICT_PROTOTYPES = YES;
				CLANG_WARN_SUSPICIOUS_MOVE = YES;
				CLANG_WARN_UNGUARDED_AVAILABILITY = YES_AGGRESSIVE;
				CLANG_WARN_UNREACHABLE_CODE = YES;
				CLANG_WARN__DUPLICATE_METHOD_MATCH = YES;
				COPY_PHASE_STRIP = NO;
				DEBUG_INFORMATION_FORMAT = dwarf;
				ENABLE_STRICT_OBJC_MSGSEND = YES;
				ENABLE_TESTABILITY = YES;
				GCC_C_LANGUAGE_STANDARD = gnu11;
				GCC_DYNAMIC_NO_PIC = NO;
				GCC_NO_COMMON_BLOCKS = YES;
				GCC_OPTIMIZATION_LEVEL = 0;
				GCC_PREPROCESSOR_DEFINITIONS = (
					"DEBUG=1",
					"$(inherited)",
				);
				GCC_WARN_64_TO_32_BIT_CONVERSION = YES;
				GCC_WARN_ABOUT_RETURN_TYPE = YES_ERROR;
				GCC_WARN_UNDECLARED_SELECTOR = YES;
				GCC_WARN_UNINITIALIZED_AUTOS = YES_AGGRESSIVE;
				GCC_WARN_UNUSED_FUNCTION = YES;
				GCC_WARN_UNUSED_VARIABLE = YES;
				IPHONEOS_DEPLOYMENT_TARGET = 15.0;
				MTL_ENABLE_DEBUG_INFO = INCLUDE_SOURCE;
				MTL_FAST_MATH = YES;
				ONLY_ACTIVE_ARCH = YES;
				SDKROOT = iphoneos;
				SWIFT_ACTIVE_COMPILATION_CONDITIONS = DEBUG;
				SWIFT_OPTIMIZATION_LEVEL = "-Onone";
			};
			name = Debug;
		};
		03F67EC327F19DBD0004C619 /* Release */ = {
			isa = XCBuildConfiguration;
			buildSettings = {
				ALWAYS_SEARCH_USER_PATHS = NO;
				CLANG_ANALYZER_NONNULL = YES;
				CLANG_ANALYZER_NUMBER_OBJECT_CONVERSION = YES_AGGRESSIVE;
				CLANG_CXX_LANGUAGE_STANDARD = "gnu++17";
				CLANG_ENABLE_MODULES = YES;
				CLANG_ENABLE_OBJC_ARC = YES;
				CLANG_ENABLE_OBJC_WEAK = YES;
				CLANG_WARN_BLOCK_CAPTURE_AUTORELEASING = YES;
				CLANG_WARN_BOOL_CONVERSION = YES;
				CLANG_WARN_COMMA = YES;
				CLANG_WARN_CONSTANT_CONVERSION = YES;
				CLANG_WARN_DEPRECATED_OBJC_IMPLEMENTATIONS = YES;
				CLANG_WARN_DIRECT_OBJC_ISA_USAGE = YES_ERROR;
				CLANG_WARN_DOCUMENTATION_COMMENTS = YES;
				CLANG_WARN_EMPTY_BODY = YES;
				CLANG_WARN_ENUM_CONVERSION = YES;
				CLANG_WARN_INFINITE_RECURSION = YES;
				CLANG_WARN_INT_CONVERSION = YES;
				CLANG_WARN_NON_LITERAL_NULL_CONVERSION = YES;
				CLANG_WARN_OBJC_IMPLICIT_RETAIN_SELF = YES;
				CLANG_WARN_OBJC_LITERAL_CONVERSION = YES;
				CLANG_WARN_OBJC_ROOT_CLASS = YES_ERROR;
				CLANG_WARN_QUOTED_INCLUDE_IN_FRAMEWORK_HEADER = YES;
				CLANG_WARN_RANGE_LOOP_ANALYSIS = YES;
				CLANG_WARN_STRICT_PROTOTYPES = YES;
				CLANG_WARN_SUSPICIOUS_MOVE = YES;
				CLANG_WARN_UNGUARDED_AVAILABILITY = YES_AGGRESSIVE;
				CLANG_WARN_UNREACHABLE_CODE = YES;
				CLANG_WARN__DUPLICATE_METHOD_MATCH = YES;
				COPY_PHASE_STRIP = NO;
				DEBUG_INFORMATION_FORMAT = "dwarf-with-dsym";
				ENABLE_NS_ASSERTIONS = NO;
				ENABLE_STRICT_OBJC_MSGSEND = YES;
				GCC_C_LANGUAGE_STANDARD = gnu11;
				GCC_NO_COMMON_BLOCKS = YES;
				GCC_WARN_64_TO_32_BIT_CONVERSION = YES;
				GCC_WARN_ABOUT_RETURN_TYPE = YES_ERROR;
				GCC_WARN_UNDECLARED_SELECTOR = YES;
				GCC_WARN_UNINITIALIZED_AUTOS = YES_AGGRESSIVE;
				GCC_WARN_UNUSED_FUNCTION = YES;
				GCC_WARN_UNUSED_VARIABLE = YES;
				IPHONEOS_DEPLOYMENT_TARGET = 15.0;
				MTL_ENABLE_DEBUG_INFO = NO;
				MTL_FAST_MATH = YES;
				SDKROOT = iphoneos;
				SWIFT_COMPILATION_MODE = wholemodule;
				SWIFT_OPTIMIZATION_LEVEL = "-O";
				VALIDATE_PRODUCT = YES;
			};
			name = Release;
		};
		03F67EC527F19DBD0004C619 /* Debug */ = {
			isa = XCBuildConfiguration;
			buildSettings = {
				ASSETCATALOG_COMPILER_APPICON_NAME = AppIcon;
				ASSETCATALOG_COMPILER_GLOBAL_ACCENT_COLOR_NAME = AccentColor;
				CODE_SIGN_ENTITLEMENTS = ShiftsManager/ShiftsManager.entitlements;
				CODE_SIGN_STYLE = Automatic;
				CURRENT_PROJECT_VERSION = 1;
				DEVELOPMENT_TEAM = B474885AG5;
				GENERATE_INFOPLIST_FILE = YES;
				INFOPLIST_FILE = ShiftsManager/Info.plist;
				INFOPLIST_KEY_UIApplicationSupportsIndirectInputEvents = YES;
				INFOPLIST_KEY_UILaunchStoryboardName = LaunchScreen;
				INFOPLIST_KEY_UIMainStoryboardFile = Main;
				INFOPLIST_KEY_UISupportedInterfaceOrientations = UIInterfaceOrientationPortrait;
				INFOPLIST_KEY_UISupportedInterfaceOrientations_iPhone = UIInterfaceOrientationPortrait;
				IPHONEOS_DEPLOYMENT_TARGET = 15.0;
				LD_RUNPATH_SEARCH_PATHS = (
					"$(inherited)",
					"@executable_path/Frameworks",
				);
				MARKETING_VERSION = 1.0;
				PRODUCT_BUNDLE_IDENTIFIER = com.lukelufe.ShiftsManager;
				PRODUCT_NAME = "$(TARGET_NAME)";
				SWIFT_EMIT_LOC_STRINGS = YES;
				SWIFT_VERSION = 5.0;
				TARGETED_DEVICE_FAMILY = 1;
			};
			name = Debug;
		};
		03F67EC627F19DBD0004C619 /* Release */ = {
			isa = XCBuildConfiguration;
			buildSettings = {
				ASSETCATALOG_COMPILER_APPICON_NAME = AppIcon;
				ASSETCATALOG_COMPILER_GLOBAL_ACCENT_COLOR_NAME = AccentColor;
				CODE_SIGN_ENTITLEMENTS = ShiftsManager/ShiftsManager.entitlements;
				CODE_SIGN_STYLE = Automatic;
				CURRENT_PROJECT_VERSION = 1;
				DEVELOPMENT_TEAM = B474885AG5;
				GENERATE_INFOPLIST_FILE = YES;
				INFOPLIST_FILE = ShiftsManager/Info.plist;
				INFOPLIST_KEY_UIApplicationSupportsIndirectInputEvents = YES;
				INFOPLIST_KEY_UILaunchStoryboardName = LaunchScreen;
				INFOPLIST_KEY_UIMainStoryboardFile = Main;
				INFOPLIST_KEY_UISupportedInterfaceOrientations = UIInterfaceOrientationPortrait;
				INFOPLIST_KEY_UISupportedInterfaceOrientations_iPhone = UIInterfaceOrientationPortrait;
				IPHONEOS_DEPLOYMENT_TARGET = 15.0;
				LD_RUNPATH_SEARCH_PATHS = (
					"$(inherited)",
					"@executable_path/Frameworks",
				);
				MARKETING_VERSION = 1.0;
				PRODUCT_BUNDLE_IDENTIFIER = com.lukelufe.ShiftsManager;
				PRODUCT_NAME = "$(TARGET_NAME)";
				SWIFT_EMIT_LOC_STRINGS = YES;
				SWIFT_VERSION = 5.0;
				TARGETED_DEVICE_FAMILY = 1;
			};
			name = Release;
		};
/* End XCBuildConfiguration section */

/* Begin XCConfigurationList section */
		03F67EA827F19DBD0004C619 /* Build configuration list for PBXProject "ShiftsManager" */ = {
			isa = XCConfigurationList;
			buildConfigurations = (
				03F67EC227F19DBD0004C619 /* Debug */,
				03F67EC327F19DBD0004C619 /* Release */,
			);
			defaultConfigurationIsVisible = 0;
			defaultConfigurationName = Release;
		};
		03F67EC427F19DBD0004C619 /* Build configuration list for PBXNativeTarget "ShiftsManager" */ = {
			isa = XCConfigurationList;
			buildConfigurations = (
				03F67EC527F19DBD0004C619 /* Debug */,
				03F67EC627F19DBD0004C619 /* Release */,
			);
			defaultConfigurationIsVisible = 0;
			defaultConfigurationName = Release;
		};
/* End XCConfigurationList section */

/* Begin XCVersionGroup section */
		03F67EB927F19DBD0004C619 /* ShiftsManager.xcdatamodeld */ = {
			isa = XCVersionGroup;
			children = (
				03F67EBA27F19DBD0004C619 /* ShiftsManager.xcdatamodel */,
			);
			currentVersion = 03F67EBA27F19DBD0004C619 /* ShiftsManager.xcdatamodel */;
			path = ShiftsManager.xcdatamodeld;
			sourceTree = "<group>";
			versionGroupType = wrapper.xcdatamodel;
		};
/* End XCVersionGroup section */
	};
	rootObject = 03F67EA527F19DBD0004C619 /* Project object */;
}
